absl-py==2.5.0
antlr4-python3-runtime==4.13.2
cffi==2.1.1
clarabel==0.11.1
cloudpickle==3.1.2
contourpy==1.3.3
cvxpy==1.9.2
cycler==0.12.1
dill==0.4.1
fonttools==4.65.0
formulaic==1.2.2
highspy==1.15.1
iniconfig==2.3.0
interface-meta==2.0.1
jinja2==3.1.6
joblib==1.6.0
kiwisolver==1.5.1
markupsafe==3.0.3
matplotlib==3.11.2
mpmath==1.3.0
narwhals==2.26.0
networkx==3.6.1
numpy==2.4.6
openqasm3==1.0.1
osqp==1.1.3
packaging==26.3
pandas==3.0.5
patsy==1.0.3
pillow==12.3.0
pluggy==1.6.0
protobuf==7.36.1
pycparser==3.0
pygments==2.21.0
pyparsing==3.3.2
pytest==9.1.1
python-dateutil==2.9.0.post0
pyyaml==6.0.3
qdldl==0.1.9.post1
qiskit==1.2.0
qiskit-qasm3-import==0.6.0
rustworkx==0.18.1
scikit-learn==1.9.1
scipy==1.17.1
scs==3.3.1
setuptools==84.0.0
six==1.17.0
sparsediffpy==0.3.0
statsmodels==0.15.0
stevedore==5.9.1
symengine==0.14.1
sympy==1.14.0
threadpoolctl==3.6.0
typing-extensions==4.16.0
wrapt==2.4.1
xgboost-cpu==3.2.0
